
Microsoft Visual Studio Solution File, Format Version 12.00
# Visual Studio Version 16
VisualStudioVersion = 16.0.31624.102
MinimumVisualStudioVersion = 10.0.40219.1
Project("{9A19103F-16F7-4668-BE54-9A1E7A4F7556}") = "ShoppingCart", "ShoppingCart\ShoppingCart.csproj", "{DDFD93E0-BDAF-4B7B-BEDA-5387CAADE5C4}"
EndProject
Project("{9A19103F-16F7-4668-BE54-9A1E7A4F7556}") = "SchoolOf.Dtos", "SchoolOf.Dtos\SchoolOf.Dtos.csproj", "{3FD619F3-A439-4E6B-9976-883DEE8F441C}"
EndProject
Project("{9A19103F-16F7-4668-BE54-9A1E7A4F7556}") = "Data.Abstraction", "Data.Abstraction\Data.Abstraction.csproj", "{ECDE9FD3-6EF4-4916-BA8F-6DACAB687ACA}"
EndProject
Project("{9A19103F-16F7-4668-BE54-9A1E7A4F7556}") = "Data.Models", "Data.Models\Data.Models.csproj", "{EFAE3F9F-D4A9-4DCD-8713-A425B0BEB6D9}"
EndProject
Project("{9A19103F-16F7-4668-BE54-9A1E7A4F7556}") = "Data", "Data\Data.csproj", "{8A2D2B99-D86B-4890-83A4-FD0AFC31DEC4}"
EndProject
Project("{9A19103F-16F7-4668-BE54-9A1E7A4F7556}") = "Common", "Common\Common.csproj", "{32CD5DB0-4145-4D63-A63C-EC4FF091D1CF}"
EndProject
Project("{9A19103F-16F7-4668-BE54-9A1E7A4F7556}") = "Mappers", "Mappers\Mappers.csproj", "{EB945665-D8E0-40C3-9EDC-424495BEBC8B}"
EndProject
Project("{FAE04EC0-301F-11D3-BF4B-00C04F79EFBC}") = "Validator", "Validator\Validator.csproj", "{D6E0443A-7D76-4E0E-9207-7B3EC51B6864}"
EndProject
Global
	GlobalSection(SolutionConfigurationPlatforms) = preSolution
		Debug|Any CPU = Debug|Any CPU
		Release|Any CPU = Release|Any CPU
	EndGlobalSection
	GlobalSection(ProjectConfigurationPlatforms) = postSolution
		{DDFD93E0-BDAF-4B7B-BEDA-5387CAADE5C4}.Debug|Any CPU.ActiveCfg = Debug|Any CPU
		{DDFD93E0-BDAF-4B7B-BEDA-5387CAADE5C4}.Debug|Any CPU.Build.0 = Debug|Any CPU
		{DDFD93E0-BDAF-4B7B-BEDA-5387CAADE5C4}.Release|Any CPU.ActiveCfg = Release|Any CPU
		{DDFD93E0-BDAF-4B7B-BEDA-5387CAADE5C4}.Release|Any CPU.Build.0 = Release|Any CPU
		{3FD619F3-A439-4E6B-9976-883DEE8F441C}.Debug|Any CPU.ActiveCfg = Debug|Any CPU
		{3FD619F3-A439-4E6B-9976-883DEE8F441C}.Debug|Any CPU.Build.0 = Debug|Any CPU
		{3FD619F3-A439-4E6B-9976-883DEE8F441C}.Release|Any CPU.ActiveCfg = Release|Any CPU
		{3FD619F3-A439-4E6B-9976-883DEE8F441C}.Release|Any CPU.Build.0 = Release|Any CPU
		{ECDE9FD3-6EF4-4916-BA8F-6DACAB687ACA}.Debug|Any CPU.ActiveCfg = Debug|Any CPU
		{ECDE9FD3-6EF4-4916-BA8F-6DACAB687ACA}.Debug|Any CPU.Build.0 = Debug|Any CPU
		{ECDE9FD3-6EF4-4916-BA8F-6DACAB687ACA}.Release|Any CPU.ActiveCfg = Release|Any CPU
		{ECDE9FD3-6EF4-4916-BA8F-6DACAB687ACA}.Release|Any CPU.Build.0 = Release|Any CPU
		{EFAE3F9F-D4A9-4DCD-8713-A425B0BEB6D9}.Debug|Any CPU.ActiveCfg = Debug|Any CPU
		{EFAE3F9F-D4A9-4DCD-8713-A425B0BEB6D9}.Debug|Any CPU.Build.0 = Debug|Any CPU
		{EFAE3F9F-D4A9-4DCD-8713-A425B0BEB6D9}.Release|Any CPU.ActiveCfg = Release|Any CPU
		{EFAE3F9F-D4A9-4DCD-8713-A425B0BEB6D9}.Release|Any CPU.Build.0 = Release|Any CPU
		{8A2D2B99-D86B-4890-83A4-FD0AFC31DEC4}.Debug|Any CPU.ActiveCfg = Debug|Any CPU
		{8A2D2B99-D86B-4890-83A4-FD0AFC31DEC4}.Debug|Any CPU.Build.0 = Debug|Any CPU
		{8A2D2B99-D86B-4890-83A4-FD0AFC31DEC4}.Release|Any CPU.ActiveCfg = Release|Any CPU
		{8A2D2B99-D86B-4890-83A4-FD0AFC31DEC4}.Release|Any CPU.Build.0 = Release|Any CPU
		{32CD5DB0-4145-4D63-A63C-EC4FF091D1CF}.Debug|Any CPU.ActiveCfg = Debug|Any CPU
		{32CD5DB0-4145-4D63-A63C-EC4FF091D1CF}.Debug|Any CPU.Build.0 = Debug|Any CPU
		{32CD5DB0-4145-4D63-A63C-EC4FF091D1CF}.Release|Any CPU.ActiveCfg = Release|Any CPU
		{32CD5DB0-4145-4D63-A63C-EC4FF091D1CF}.Release|Any CPU.Build.0 = Release|Any CPU
		{EB945665-D8E0-40C3-9EDC-424495BEBC8B}.Debug|Any CPU.ActiveCfg = Debug|Any CPU
		{EB945665-D8E0-40C3-9EDC-424495BEBC8B}.Debug|Any CPU.Build.0 = Debug|Any CPU
		{EB945665-D8E0-40C3-9EDC-424495BEBC8B}.Release|Any CPU.ActiveCfg = Release|Any CPU
		{EB945665-D8E0-40C3-9EDC-424495BEBC8B}.Release|Any CPU.Build.0 = Release|Any CPU
		{D6E0443A-7D76-4E0E-9207-7B3EC51B6864}.Debug|Any CPU.ActiveCfg = Debug|Any CPU
		{D6E0443A-7D76-4E0E-9207-7B3EC51B6864}.Debug|Any CPU.Build.0 = Debug|Any CPU
		{D6E0443A-7D76-4E0E-9207-7B3EC51B6864}.Release|Any CPU.ActiveCfg = Release|Any CPU
		{D6E0443A-7D76-4E0E-9207-7B3EC51B6864}.Release|Any CPU.Build.0 = Release|Any CPU
	EndGlobalSection
	GlobalSection(SolutionProperties) = preSolution
		HideSolutionNode = FALSE
	EndGlobalSection
	GlobalSection(ExtensibilityGlobals) = postSolution
		SolutionGuid = {9ECDC66D-3BF0-4B9E-9910-B3FC6A37A1BC}
	EndGlobalSection
EndGlobal
